PODS:
  - Base32 (1.0.2)
  - MRX (0.0.1)
  - OneTimePassword (1.0.0):
    - Base32 (~> 1.0.2)
  - SVProgressHUD (1.0)
  - UIColor+Categories (0.2)

DEPENDENCIES:
  - Base32 (~> 1.0.1)
  - MRX (from `https://github.com/mattrubin/MRX.git`)
  - OneTimePassword (from `../OneTimePassword`)
  - SVProgressHUD (~> 1.0)
  - UIColor+Categories (~> 0.2)

EXTERNAL SOURCES:
  MRX:
    :git: https://github.com/mattrubin/MRX.git
  OneTimePassword:
    :path: ../OneTimePassword

SPEC CHECKSUMS:
  Base32: a0ef6e90e721130c474cc970a4d98a6cbf16ce85
  MRX: e6a1bbf7c2f2b1349d039f2da0aa8da71fb08d9a
  OneTimePassword: f36a91d6508e70130b2cfae22775310b5450c64a
  SVProgressHUD: 5034c6e22b8c2ca3e09402e48d41ed0340aa1c50
  UIColor+Categories: 9770206090196452ff5d115b3e3dbdfcdedbc2f3

COCOAPODS: 0.33.1
