PODS:
  - Base32 (1.0.2)
  - OneTimePassword (1.0.0):
    - Base32 (~> 1.0.2)
  - SVProgressHUD (1.0)
  - UIColor+Categories (0.2)

DEPENDENCIES:
  - OneTimePassword (~> 1.0)
  - SVProgressHUD (~> 1.0)
  - UIColor+Categories (~> 0.2)

SPEC CHECKSUMS:
  Base32: a0ef6e90e721130c474cc970a4d98a6cbf16ce85
  OneTimePassword: 5948ec8303247b449532fc553f7e01defc0e72e6
  SVProgressHUD: 5034c6e22b8c2ca3e09402e48d41ed0340aa1c50
  UIColor+Categories: 9770206090196452ff5d115b3e3dbdfcdedbc2f3

COCOAPODS: 0.33.1
