// !$*UTF8*$!
{
	archiveVersion = 1;
	classes = {
	};
	objectVersion = 46;
	objects = {

/* Begin PBXBuildFile section */
		1D3623260D0F684500981E51 /* OTPAppDelegate.m in Sources */ = {isa = PBXBuildFile; fileRef = 1D3623250D0F684500981E51 /* OTPAppDelegate.m */; };
		1D60589B0D05DD56006BFB54 /* main.m in Sources */ = {isa = PBXBuildFile; fileRef = 29B97316FDCFA39411CA2CEA /* main.m */; };
		43B5E4365C6C4081AEF41717 /* libPods.a in Frameworks */ = {isa = PBXBuildFile; fileRef = 9B03839CF35E4014987A36CA /* libPods.a */; };
		8B0028B511EB75920092DE18 /* OTPScannerOverlayView.m in Sources */ = {isa = PBXBuildFile; fileRef = 8B0028B411EB75920092DE18 /* OTPScannerOverlayView.m */; };
		8B45557811932B5D00ABD707 /* OTPClock.m in Sources */ = {isa = PBXBuildFile; fileRef = 8B45557711932B5D00ABD707 /* OTPClock.m */; };
		8BF23A7213D4EF7000F3FD82 /* UIColor+OTP.m in Sources */ = {isa = PBXBuildFile; fileRef = 8BF23A7113D4EF7000F3FD82 /* UIColor+OTP.m */; };
		C9044FC31821BD63002C3C3F /* OTPToken+Persistence.m in Sources */ = {isa = PBXBuildFile; fileRef = C9044FC21821BD63002C3C3F /* OTPToken+Persistence.m */; };
		C9044FC71821C466002C3C3F /* OTPToken+Serialization.m in Sources */ = {isa = PBXBuildFile; fileRef = C9044FC61821C466002C3C3F /* OTPToken+Serialization.m */; };
		C9044FCF18224D32002C3C3F /* OTPAlgorithm.m in Sources */ = {isa = PBXBuildFile; fileRef = C9044FCE18224D32002C3C3F /* OTPAlgorithm.m */; };
		C9044FD61824CDE7002C3C3F /* OTPBase32Tests.m in Sources */ = {isa = PBXBuildFile; fileRef = C9044FD51824CDE7002C3C3F /* OTPBase32Tests.m */; };
		C9044FD91824E05E002C3C3F /* NSString+PercentEncoding.m in Sources */ = {isa = PBXBuildFile; fileRef = C9044FD81824E05E002C3C3F /* NSString+PercentEncoding.m */; };
		C9044FDC1824E711002C3C3F /* NSDictionary+QueryString.m in Sources */ = {isa = PBXBuildFile; fileRef = C9044FDB1824E711002C3C3F /* NSDictionary+QueryString.m */; };
		C940A981183EEFA300F7D04A /* OTPTokenGenerationTests.m in Sources */ = {isa = PBXBuildFile; fileRef = C940A980183EEFA300F7D04A /* OTPTokenGenerationTests.m */; };
		C958CC4D1829DB9E00DD47D0 /* OTPToken+Generation.m in Sources */ = {isa = PBXBuildFile; fileRef = C958CC4C1829DB9E00DD47D0 /* OTPToken+Generation.m */; };
		C958CC51182A1FDD00DD47D0 /* OTPTokenType.m in Sources */ = {isa = PBXBuildFile; fileRef = C958CC50182A1FDD00DD47D0 /* OTPTokenType.m */; };
		C958CC54183043A600DD47D0 /* OTPTokenSerializationTests.m in Sources */ = {isa = PBXBuildFile; fileRef = C958CC53183043A600DD47D0 /* OTPTokenSerializationTests.m */; };
		C9745D0B17DA5861008B6E23 /* UIAlertView+Blocks.m in Sources */ = {isa = PBXBuildFile; fileRef = C9745D0A17DA5861008B6E23 /* UIAlertView+Blocks.m */; };
		C97B68C717D9226D005D1FE0 /* Settings.bundle in Resources */ = {isa = PBXBuildFile; fileRef = C97B68C617D9226D005D1FE0 /* Settings.bundle */; };
		C99069D1180CBAC900BAEF53 /* OTPScannerViewController.m in Sources */ = {isa = PBXBuildFile; fileRef = C99069D0180CBAC900BAEF53 /* OTPScannerViewController.m */; };
		C99069D4180E07A100BAEF53 /* OTPTokenEntryViewController.m in Sources */ = {isa = PBXBuildFile; fileRef = C99069D3180E07A100BAEF53 /* OTPTokenEntryViewController.m */; };
		C99069E1180E5B4100BAEF53 /* OTPTokenEntryViewController.xib in Resources */ = {isa = PBXBuildFile; fileRef = C99069E0180E5B4100BAEF53 /* OTPTokenEntryViewController.xib */; };
		C999C693181344F40013C1C6 /* OTPToken.m in Sources */ = {isa = PBXBuildFile; fileRef = C999C692181344F40013C1C6 /* OTPToken.m */; };
		C9ABDACF17DD3CF500A86AB5 /* OTPTokenCell.m in Sources */ = {isa = PBXBuildFile; fileRef = C9ABDACE17DD3CF500A86AB5 /* OTPTokenCell.m */; };
		C9C6CC841842C5BC000100C2 /* OTPTokenPersistenceTests.m in Sources */ = {isa = PBXBuildFile; fileRef = C9C6CC831842C5BC000100C2 /* OTPTokenPersistenceTests.m */; };
		C9C6CCA21842E331000100C2 /* Images.xcassets in Resources */ = {isa = PBXBuildFile; fileRef = C9C6CCA11842E331000100C2 /* Images.xcassets */; };
		C9C6CCA518430493000100C2 /* NSData+Base32.m in Sources */ = {isa = PBXBuildFile; fileRef = C9C6CCA418430493000100C2 /* NSData+Base32.m */; };
		C9F75C951843D01500B6FA14 /* iTunesArtwork in Resources */ = {isa = PBXBuildFile; fileRef = C9F75C931843D01500B6FA14 /* iTunesArtwork */; };
		C9F75C961843D01500B6FA14 /* iTunesArtwork@2x in Resources */ = {isa = PBXBuildFile; fileRef = C9F75C941843D01500B6FA14 /* iTunesArtwork@2x */; };
		C9F75C9C1843D31A00B6FA14 /* OTPTokenManager.m in Sources */ = {isa = PBXBuildFile; fileRef = C9F75C9B1843D31A00B6FA14 /* OTPTokenManager.m */; };
		C9F75CA21843F9BE00B6FA14 /* OTPTokenListViewController.m in Sources */ = {isa = PBXBuildFile; fileRef = C9F75CA11843F9BE00B6FA14 /* OTPTokenListViewController.m */; };
/* End PBXBuildFile section */

/* Begin PBXContainerItemProxy section */
		C9906A3C1812522100BAEF53 /* PBXContainerItemProxy */ = {
			isa = PBXContainerItemProxy;
			containerPortal = 29B97313FDCFA39411CA2CEA /* Project object */;
			proxyType = 1;
			remoteGlobalIDString = 1D6058900D05DD3D006BFB54;
			remoteInfo = Authenticator;
		};
/* End PBXContainerItemProxy section */

/* Begin PBXFileReference section */
		1D3623240D0F684500981E51 /* OTPAppDelegate.h */ = {isa = PBXFileReference; fileEncoding = 4; lastKnownFileType = sourcecode.c.h; path = OTPAppDelegate.h; sourceTree = "<group>"; };
		1D3623250D0F684500981E51 /* OTPAppDelegate.m */ = {isa = PBXFileReference; fileEncoding = 4; lastKnownFileType = sourcecode.c.objc; path = OTPAppDelegate.m; sourceTree = "<group>"; };
		1D6058910D05DD3D006BFB54 /* Authenticator.app */ = {isa = PBXFileReference; explicitFileType = wrapper.application; includeInIndex = 0; path = Authenticator.app; sourceTree = BUILT_PRODUCTS_DIR; };
		28A0AAE50D9B0CCF005BE974 /* Authenticator.pch */ = {isa = PBXFileReference; fileEncoding = 4; lastKnownFileType = sourcecode.c.h; path = Authenticator.pch; sourceTree = "<group>"; };
		29B97316FDCFA39411CA2CEA /* main.m */ = {isa = PBXFileReference; fileEncoding = 4; lastKnownFileType = sourcecode.c.objc; path = main.m; sourceTree = "<group>"; };
		6ECCAC12D40844D7BA4D6B9B /* Pods.xcconfig */ = {isa = PBXFileReference; includeInIndex = 1; lastKnownFileType = text.xcconfig; name = Pods.xcconfig; path = Pods/Pods.xcconfig; sourceTree = SOURCE_ROOT; };
		8B0028B311EB75920092DE18 /* OTPScannerOverlayView.h */ = {isa = PBXFileReference; fileEncoding = 4; lastKnownFileType = sourcecode.c.h; path = OTPScannerOverlayView.h; sourceTree = "<group>"; };
		8B0028B411EB75920092DE18 /* OTPScannerOverlayView.m */ = {isa = PBXFileReference; fileEncoding = 4; lastKnownFileType = sourcecode.c.objc; path = OTPScannerOverlayView.m; sourceTree = "<group>"; };
		8B2B8AE1118BA49F00437315 /* README.md */ = {isa = PBXFileReference; fileEncoding = 4; lastKnownFileType = text; path = README.md; sourceTree = "<group>"; };
		8B45557611932B5D00ABD707 /* OTPClock.h */ = {isa = PBXFileReference; fileEncoding = 4; lastKnownFileType = sourcecode.c.h; path = OTPClock.h; sourceTree = "<group>"; };
		8B45557711932B5D00ABD707 /* OTPClock.m */ = {isa = PBXFileReference; fileEncoding = 4; lastKnownFileType = sourcecode.c.objc; path = OTPClock.m; sourceTree = "<group>"; };
		8BF23A7013D4EF7000F3FD82 /* UIColor+OTP.h */ = {isa = PBXFileReference; fileEncoding = 4; lastKnownFileType = sourcecode.c.h; path = "UIColor+OTP.h"; sourceTree = "<group>"; };
		8BF23A7113D4EF7000F3FD82 /* UIColor+OTP.m */ = {isa = PBXFileReference; fileEncoding = 4; lastKnownFileType = sourcecode.c.objc; path = "UIColor+OTP.m"; sourceTree = "<group>"; };
		8BF5147F118799AE005C936F /* Authenticator-Info.plist */ = {isa = PBXFileReference; fileEncoding = 4; lastKnownFileType = text.plist.xml; path = "Authenticator-Info.plist"; sourceTree = "<group>"; };
		9B03839CF35E4014987A36CA /* libPods.a */ = {isa = PBXFileReference; explicitFileType = archive.ar; includeInIndex = 0; path = libPods.a; sourceTree = BUILT_PRODUCTS_DIR; };
		C9044FC11821BD63002C3C3F /* OTPToken+Persistence.h */ = {isa = PBXFileReference; fileEncoding = 4; lastKnownFileType = sourcecode.c.h; path = "OTPToken+Persistence.h"; sourceTree = "<group>"; };
		C9044FC21821BD63002C3C3F /* OTPToken+Persistence.m */ = {isa = PBXFileReference; fileEncoding = 4; lastKnownFileType = sourcecode.c.objc; path = "OTPToken+Persistence.m"; sourceTree = "<group>"; };
		C9044FC51821C466002C3C3F /* OTPToken+Serialization.h */ = {isa = PBXFileReference; fileEncoding = 4; lastKnownFileType = sourcecode.c.h; path = "OTPToken+Serialization.h"; sourceTree = "<group>"; };
		C9044FC61821C466002C3C3F /* OTPToken+Serialization.m */ = {isa = PBXFileReference; fileEncoding = 4; lastKnownFileType = sourcecode.c.objc; path = "OTPToken+Serialization.m"; sourceTree = "<group>"; };
		C9044FCD18224D32002C3C3F /* OTPAlgorithm.h */ = {isa = PBXFileReference; fileEncoding = 4; lastKnownFileType = sourcecode.c.h; path = OTPAlgorithm.h; sourceTree = "<group>"; };
		C9044FCE18224D32002C3C3F /* OTPAlgorithm.m */ = {isa = PBXFileReference; fileEncoding = 4; lastKnownFileType = sourcecode.c.objc; path = OTPAlgorithm.m; sourceTree = "<group>"; };
		C9044FD51824CDE7002C3C3F /* OTPBase32Tests.m */ = {isa = PBXFileReference; fileEncoding = 4; lastKnownFileType = sourcecode.c.objc; path = OTPBase32Tests.m; sourceTree = "<group>"; };
		C9044FD71824E05E002C3C3F /* NSString+PercentEncoding.h */ = {isa = PBXFileReference; fileEncoding = 4; lastKnownFileType = sourcecode.c.h; path = "NSString+PercentEncoding.h"; sourceTree = "<group>"; };
		C9044FD81824E05E002C3C3F /* NSString+PercentEncoding.m */ = {isa = PBXFileReference; fileEncoding = 4; lastKnownFileType = sourcecode.c.objc; path = "NSString+PercentEncoding.m"; sourceTree = "<group>"; };
		C9044FDA1824E711002C3C3F /* NSDictionary+QueryString.h */ = {isa = PBXFileReference; fileEncoding = 4; lastKnownFileType = sourcecode.c.h; path = "NSDictionary+QueryString.h"; sourceTree = "<group>"; };
		C9044FDB1824E711002C3C3F /* NSDictionary+QueryString.m */ = {isa = PBXFileReference; fileEncoding = 4; lastKnownFileType = sourcecode.c.objc; path = "NSDictionary+QueryString.m"; sourceTree = "<group>"; };
		C940A980183EEFA300F7D04A /* OTPTokenGenerationTests.m */ = {isa = PBXFileReference; fileEncoding = 4; lastKnownFileType = sourcecode.c.objc; path = OTPTokenGenerationTests.m; sourceTree = "<group>"; };
		C958CC4B1829DB9E00DD47D0 /* OTPToken+Generation.h */ = {isa = PBXFileReference; fileEncoding = 4; lastKnownFileType = sourcecode.c.h; path = "OTPToken+Generation.h"; sourceTree = "<group>"; };
		C958CC4C1829DB9E00DD47D0 /* OTPToken+Generation.m */ = {isa = PBXFileReference; fileEncoding = 4; lastKnownFileType = sourcecode.c.objc; path = "OTPToken+Generation.m"; sourceTree = "<group>"; };
		C958CC4F182A1FDD00DD47D0 /* OTPTokenType.h */ = {isa = PBXFileReference; fileEncoding = 4; lastKnownFileType = sourcecode.c.h; path = OTPTokenType.h; sourceTree = "<group>"; };
		C958CC50182A1FDD00DD47D0 /* OTPTokenType.m */ = {isa = PBXFileReference; fileEncoding = 4; lastKnownFileType = sourcecode.c.objc; path = OTPTokenType.m; sourceTree = "<group>"; };
		C958CC53183043A600DD47D0 /* OTPTokenSerializationTests.m */ = {isa = PBXFileReference; fileEncoding = 4; lastKnownFileType = sourcecode.c.objc; path = OTPTokenSerializationTests.m; sourceTree = "<group>"; };
		C9745D0917DA5861008B6E23 /* UIAlertView+Blocks.h */ = {isa = PBXFileReference; fileEncoding = 4; lastKnownFileType = sourcecode.c.h; path = "UIAlertView+Blocks.h"; sourceTree = "<group>"; };
		C9745D0A17DA5861008B6E23 /* UIAlertView+Blocks.m */ = {isa = PBXFileReference; fileEncoding = 4; lastKnownFileType = sourcecode.c.objc; path = "UIAlertView+Blocks.m"; sourceTree = "<group>"; };
		C9776E3318518801003D53CB /* LICENSE.txt */ = {isa = PBXFileReference; lastKnownFileType = text; path = LICENSE.txt; sourceTree = "<group>"; };
		C97B68C617D9226D005D1FE0 /* Settings.bundle */ = {isa = PBXFileReference; lastKnownFileType = "wrapper.plug-in"; path = Settings.bundle; sourceTree = "<group>"; };
		C99069CF180CBAC900BAEF53 /* OTPScannerViewController.h */ = {isa = PBXFileReference; fileEncoding = 4; lastKnownFileType = sourcecode.c.h; path = OTPScannerViewController.h; sourceTree = "<group>"; };
		C99069D0180CBAC900BAEF53 /* OTPScannerViewController.m */ = {isa = PBXFileReference; fileEncoding = 4; lastKnownFileType = sourcecode.c.objc; path = OTPScannerViewController.m; sourceTree = "<group>"; };
		C99069D2180E07A100BAEF53 /* OTPTokenEntryViewController.h */ = {isa = PBXFileReference; fileEncoding = 4; lastKnownFileType = sourcecode.c.h; path = OTPTokenEntryViewController.h; sourceTree = "<group>"; };
		C99069D3180E07A100BAEF53 /* OTPTokenEntryViewController.m */ = {isa = PBXFileReference; fileEncoding = 4; lastKnownFileType = sourcecode.c.objc; path = OTPTokenEntryViewController.m; sourceTree = "<group>"; };
		C99069D5180E09D700BAEF53 /* OTPTokenSourceDelegate.h */ = {isa = PBXFileReference; lastKnownFileType = sourcecode.c.h; path = OTPTokenSourceDelegate.h; sourceTree = "<group>"; };
		C99069E0180E5B4100BAEF53 /* OTPTokenEntryViewController.xib */ = {isa = PBXFileReference; fileEncoding = 4; lastKnownFileType = file.xib; path = OTPTokenEntryViewController.xib; sourceTree = "<group>"; };
		C9906A2E1812522100BAEF53 /* AuthenticatorTests.xctest */ = {isa = PBXFileReference; explicitFileType = wrapper.cfbundle; includeInIndex = 0; path = AuthenticatorTests.xctest; sourceTree = BUILT_PRODUCTS_DIR; };
		C9906A351812522100BAEF53 /* AuthenticatorTests-Info.plist */ = {isa = PBXFileReference; lastKnownFileType = text.plist.xml; path = "AuthenticatorTests-Info.plist"; sourceTree = "<group>"; };
		C9906A3B1812522100BAEF53 /* AuthenticatorTests-Prefix.pch */ = {isa = PBXFileReference; lastKnownFileType = sourcecode.c.h; path = "AuthenticatorTests-Prefix.pch"; sourceTree = "<group>"; };
		C999C691181344F40013C1C6 /* OTPToken.h */ = {isa = PBXFileReference; fileEncoding = 4; lastKnownFileType = sourcecode.c.h; path = OTPToken.h; sourceTree = "<group>"; };
		C999C692181344F40013C1C6 /* OTPToken.m */ = {isa = PBXFileReference; fileEncoding = 4; lastKnownFileType = sourcecode.c.objc; path = OTPToken.m; sourceTree = "<group>"; };
		C9A4FA1317CF9D3100CD5EDC /* Common.xcconfig */ = {isa = PBXFileReference; fileEncoding = 4; lastKnownFileType = text.xcconfig; path = Common.xcconfig; sourceTree = "<group>"; };
		C9ABDACD17DD3CF500A86AB5 /* OTPTokenCell.h */ = {isa = PBXFileReference; fileEncoding = 4; lastKnownFileType = sourcecode.c.h; path = OTPTokenCell.h; sourceTree = "<group>"; };
		C9ABDACE17DD3CF500A86AB5 /* OTPTokenCell.m */ = {isa = PBXFileReference; fileEncoding = 4; lastKnownFileType = sourcecode.c.objc; path = OTPTokenCell.m; sourceTree = "<group>"; };
		C9C6CC831842C5BC000100C2 /* OTPTokenPersistenceTests.m */ = {isa = PBXFileReference; fileEncoding = 4; lastKnownFileType = sourcecode.c.objc; path = OTPTokenPersistenceTests.m; sourceTree = "<group>"; };
		C9C6CCA11842E331000100C2 /* Images.xcassets */ = {isa = PBXFileReference; lastKnownFileType = folder.assetcatalog; path = Images.xcassets; sourceTree = "<group>"; };
		C9C6CCA318430493000100C2 /* NSData+Base32.h */ = {isa = PBXFileReference; fileEncoding = 4; lastKnownFileType = sourcecode.c.h; path = "NSData+Base32.h"; sourceTree = "<group>"; };
		C9C6CCA418430493000100C2 /* NSData+Base32.m */ = {isa = PBXFileReference; fileEncoding = 4; lastKnownFileType = sourcecode.c.objc; path = "NSData+Base32.m"; sourceTree = "<group>"; };
		C9F75C931843D01500B6FA14 /* iTunesArtwork */ = {isa = PBXFileReference; explicitFileType = image.png; path = iTunesArtwork; sourceTree = "<group>"; };
		C9F75C941843D01500B6FA14 /* iTunesArtwork@2x */ = {isa = PBXFileReference; explicitFileType = image.png; path = "iTunesArtwork@2x"; sourceTree = "<group>"; };
		C9F75C9A1843D31A00B6FA14 /* OTPTokenManager.h */ = {isa = PBXFileReference; fileEncoding = 4; lastKnownFileType = sourcecode.c.h; path = OTPTokenManager.h; sourceTree = "<group>"; };
		C9F75C9B1843D31A00B6FA14 /* OTPTokenManager.m */ = {isa = PBXFileReference; fileEncoding = 4; lastKnownFileType = sourcecode.c.objc; path = OTPTokenManager.m; sourceTree = "<group>"; };
		C9F75CA01843F9BE00B6FA14 /* OTPTokenListViewController.h */ = {isa = PBXFileReference; fileEncoding = 4; lastKnownFileType = sourcecode.c.h; path = OTPTokenListViewController.h; sourceTree = "<group>"; };
		C9F75CA11843F9BE00B6FA14 /* OTPTokenListViewController.m */ = {isa = PBXFileReference; fileEncoding = 4; lastKnownFileType = sourcecode.c.objc; path = OTPTokenListViewController.m; sourceTree = "<group>"; };
/* End PBXFileReference section */

/* Begin PBXFrameworksBuildPhase section */
		1D60588F0D05DD3D006BFB54 /* Frameworks */ = {
			isa = PBXFrameworksBuildPhase;
			buildActionMask = 2147483647;
			files = (
				43B5E4365C6C4081AEF41717 /* libPods.a in Frameworks */,
			);
			runOnlyForDeploymentPostprocessing = 0;
		};
		C9906A2B1812522100BAEF53 /* Frameworks */ = {
			isa = PBXFrameworksBuildPhase;
			buildActionMask = 2147483647;
			files = (
			);
			runOnlyForDeploymentPostprocessing = 0;
		};
/* End PBXFrameworksBuildPhase section */

/* Begin PBXGroup section */
		080E96DDFE201D6D7F000001 /* Classes */ = {
			isa = PBXGroup;
			children = (
				1D3623240D0F684500981E51 /* OTPAppDelegate.h */,
				1D3623250D0F684500981E51 /* OTPAppDelegate.m */,
				C98C1C4917D2F03400A07D3F /* Display */,
				C98C1C4617D2EE6500A07D3F /* Entry */,
				C98C1C4817D2F01A00A07D3F /* Core */,
				C98C1C4E17D2F14500A07D3F /* Categories */,
			);
			path = Classes;
			sourceTree = "<group>";
		};
		19C28FACFE9D520D11CA2CBB /* Products */ = {
			isa = PBXGroup;
			children = (
				1D6058910D05DD3D006BFB54 /* Authenticator.app */,
				C9906A2E1812522100BAEF53 /* AuthenticatorTests.xctest */,
			);
			name = Products;
			sourceTree = "<group>";
		};
		29B97314FDCFA39411CA2CEA /* CustomTemplate */ = {
			isa = PBXGroup;
			children = (
				C97B68CB17D964D4005D1FE0 /* Authenticator */,
				C9906A331812522100BAEF53 /* AuthenticatorTests */,
				C98C1C4F17D2F16800A07D3F /* Config */,
				29B97323FDCFA39411CA2CEA /* Frameworks */,
				19C28FACFE9D520D11CA2CBB /* Products */,
				C9776E32185187E8003D53CB /* Docs */,
			);
			name = CustomTemplate;
			sourceTree = "<group>";
		};
		29B97315FDCFA39411CA2CEA /* Other Sources */ = {
			isa = PBXGroup;
			children = (
				28A0AAE50D9B0CCF005BE974 /* Authenticator.pch */,
				29B97316FDCFA39411CA2CEA /* main.m */,
				8BF5147F118799AE005C936F /* Authenticator-Info.plist */,
			);
			name = "Other Sources";
			sourceTree = "<group>";
		};
		29B97317FDCFA39411CA2CEA /* Resources */ = {
			isa = PBXGroup;
			children = (
				C9C6CCA11842E331000100C2 /* Images.xcassets */,
				C9F75C921843CFFD00B6FA14 /* iTunes Artwork */,
				C97B68C617D9226D005D1FE0 /* Settings.bundle */,
			);
			path = Resources;
			sourceTree = "<group>";
		};
		29B97323FDCFA39411CA2CEA /* Frameworks */ = {
			isa = PBXGroup;
			children = (
				9B03839CF35E4014987A36CA /* libPods.a */,
			);
			name = Frameworks;
			sourceTree = "<group>";
		};
		C9776E32185187E8003D53CB /* Docs */ = {
			isa = PBXGroup;
			children = (
				8B2B8AE1118BA49F00437315 /* README.md */,
				C9776E3318518801003D53CB /* LICENSE.txt */,
			);
			name = Docs;
			sourceTree = "<group>";
		};
		C97B68CB17D964D4005D1FE0 /* Authenticator */ = {
			isa = PBXGroup;
			children = (
				080E96DDFE201D6D7F000001 /* Classes */,
				29B97317FDCFA39411CA2CEA /* Resources */,
				29B97315FDCFA39411CA2CEA /* Other Sources */,
			);
			path = Authenticator;
			sourceTree = "<group>";
		};
		C98C1C4517D2EDF500A07D3F /* Cells */ = {
			isa = PBXGroup;
			children = (
				C9ABDACD17DD3CF500A86AB5 /* OTPTokenCell.h */,
				C9ABDACE17DD3CF500A86AB5 /* OTPTokenCell.m */,
			);
			name = Cells;
			sourceTree = "<group>";
		};
		C98C1C4617D2EE6500A07D3F /* Entry */ = {
			isa = PBXGroup;
			children = (
				C99069D5180E09D700BAEF53 /* OTPTokenSourceDelegate.h */,
				C99069D2180E07A100BAEF53 /* OTPTokenEntryViewController.h */,
				C99069D3180E07A100BAEF53 /* OTPTokenEntryViewController.m */,
				C99069E0180E5B4100BAEF53 /* OTPTokenEntryViewController.xib */,
				C99069CF180CBAC900BAEF53 /* OTPScannerViewController.h */,
				C99069D0180CBAC900BAEF53 /* OTPScannerViewController.m */,
				8B0028B311EB75920092DE18 /* OTPScannerOverlayView.h */,
				8B0028B411EB75920092DE18 /* OTPScannerOverlayView.m */,
			);
			name = Entry;
			sourceTree = "<group>";
		};
		C98C1C4817D2F01A00A07D3F /* Core */ = {
			isa = PBXGroup;
			children = (
				C999C691181344F40013C1C6 /* OTPToken.h */,
				C999C692181344F40013C1C6 /* OTPToken.m */,
				C9044FC51821C466002C3C3F /* OTPToken+Serialization.h */,
				C9044FC61821C466002C3C3F /* OTPToken+Serialization.m */,
				C9044FC11821BD63002C3C3F /* OTPToken+Persistence.h */,
				C9044FC21821BD63002C3C3F /* OTPToken+Persistence.m */,
				C958CC4B1829DB9E00DD47D0 /* OTPToken+Generation.h */,
				C958CC4C1829DB9E00DD47D0 /* OTPToken+Generation.m */,
				C958CC4F182A1FDD00DD47D0 /* OTPTokenType.h */,
				C958CC50182A1FDD00DD47D0 /* OTPTokenType.m */,
				C9044FCD18224D32002C3C3F /* OTPAlgorithm.h */,
				C9044FCE18224D32002C3C3F /* OTPAlgorithm.m */,
			);
			name = Core;
			sourceTree = "<group>";
		};
		C98C1C4917D2F03400A07D3F /* Display */ = {
			isa = PBXGroup;
			children = (
				C9F75CA01843F9BE00B6FA14 /* OTPTokenListViewController.h */,
				C9F75CA11843F9BE00B6FA14 /* OTPTokenListViewController.m */,
				C9F75C9A1843D31A00B6FA14 /* OTPTokenManager.h */,
				C9F75C9B1843D31A00B6FA14 /* OTPTokenManager.m */,
				8B45557611932B5D00ABD707 /* OTPClock.h */,
				8B45557711932B5D00ABD707 /* OTPClock.m */,
				C98C1C4517D2EDF500A07D3F /* Cells */,
			);
			name = Display;
			sourceTree = "<group>";
		};
		C98C1C4E17D2F14500A07D3F /* Categories */ = {
			isa = PBXGroup;
			children = (
				8BF23A7013D4EF7000F3FD82 /* UIColor+OTP.h */,
				8BF23A7113D4EF7000F3FD82 /* UIColor+OTP.m */,
				C9745D0917DA5861008B6E23 /* UIAlertView+Blocks.h */,
				C9745D0A17DA5861008B6E23 /* UIAlertView+Blocks.m */,
				C9044FD71824E05E002C3C3F /* NSString+PercentEncoding.h */,
				C9044FD81824E05E002C3C3F /* NSString+PercentEncoding.m */,
				C9044FDA1824E711002C3C3F /* NSDictionary+QueryString.h */,
				C9044FDB1824E711002C3C3F /* NSDictionary+QueryString.m */,
				C9C6CCA318430493000100C2 /* NSData+Base32.h */,
				C9C6CCA418430493000100C2 /* NSData+Base32.m */,
			);
			name = Categories;
			sourceTree = "<group>";
		};
		C98C1C4F17D2F16800A07D3F /* Config */ = {
			isa = PBXGroup;
			children = (
				6ECCAC12D40844D7BA4D6B9B /* Pods.xcconfig */,
				C9A4FA1317CF9D3100CD5EDC /* Common.xcconfig */,
			);
			name = Config;
			sourceTree = "<group>";
		};
		C9906A331812522100BAEF53 /* AuthenticatorTests */ = {
			isa = PBXGroup;
			children = (
				C958CC53183043A600DD47D0 /* OTPTokenSerializationTests.m */,
				C9C6CC831842C5BC000100C2 /* OTPTokenPersistenceTests.m */,
				C940A980183EEFA300F7D04A /* OTPTokenGenerationTests.m */,
				C9044FD51824CDE7002C3C3F /* OTPBase32Tests.m */,
				C9906A341812522100BAEF53 /* Supporting Files */,
			);
			path = AuthenticatorTests;
			sourceTree = "<group>";
		};
		C9906A341812522100BAEF53 /* Supporting Files */ = {
			isa = PBXGroup;
			children = (
				C9906A351812522100BAEF53 /* AuthenticatorTests-Info.plist */,
				C9906A3B1812522100BAEF53 /* AuthenticatorTests-Prefix.pch */,
			);
			name = "Supporting Files";
			sourceTree = "<group>";
		};
		C9F75C921843CFFD00B6FA14 /* iTunes Artwork */ = {
			isa = PBXGroup;
			children = (
				C9F75C931843D01500B6FA14 /* iTunesArtwork */,
				C9F75C941843D01500B6FA14 /* iTunesArtwork@2x */,
			);
			name = "iTunes Artwork";
			sourceTree = "<group>";
		};
/* End PBXGroup section */

/* Begin PBXNativeTarget section */
		1D6058900D05DD3D006BFB54 /* Authenticator */ = {
			isa = PBXNativeTarget;
			buildConfigurationList = 1D6058960D05DD3E006BFB54 /* Build configuration list for PBXNativeTarget "Authenticator" */;
			buildPhases = (
				7D745802100A4933AC7F63D5 /* Check Pods Manifest.lock */,
				1D60588D0D05DD3D006BFB54 /* Resources */,
				1D60588E0D05DD3D006BFB54 /* Sources */,
				1D60588F0D05DD3D006BFB54 /* Frameworks */,
				9865F5A341C744F78B880E59 /* Copy Pods Resources */,
			);
			buildRules = (
			);
			dependencies = (
			);
			name = Authenticator;
			productName = Authenticator;
			productReference = 1D6058910D05DD3D006BFB54 /* Authenticator.app */;
			productType = "com.apple.product-type.application";
		};
		C9906A2D1812522100BAEF53 /* AuthenticatorTests */ = {
			isa = PBXNativeTarget;
			buildConfigurationList = C9906A401812522200BAEF53 /* Build configuration list for PBXNativeTarget "AuthenticatorTests" */;
			buildPhases = (
				C9906A2A1812522100BAEF53 /* Sources */,
				C9906A2B1812522100BAEF53 /* Frameworks */,
				C9906A2C1812522100BAEF53 /* Resources */,
			);
			buildRules = (
			);
			dependencies = (
				C9906A3D1812522100BAEF53 /* PBXTargetDependency */,
			);
			name = AuthenticatorTests;
			productName = AuthenticatorTests;
			productReference = C9906A2E1812522100BAEF53 /* AuthenticatorTests.xctest */;
			productType = "com.apple.product-type.bundle.unit-test";
		};
/* End PBXNativeTarget section */

/* Begin PBXProject section */
		29B97313FDCFA39411CA2CEA /* Project object */ = {
			isa = PBXProject;
			attributes = {
				CLASSPREFIX = OTP;
				LastUpgradeCheck = 0420;
				ORGANIZATIONNAME = "Matt Rubin";
				TargetAttributes = {
					C9906A2D1812522100BAEF53 = {
						TestTargetID = 1D6058900D05DD3D006BFB54;
					};
				};
			};
			buildConfigurationList = C01FCF4E08A954540054247B /* Build configuration list for PBXProject "Authenticator" */;
			compatibilityVersion = "Xcode 3.2";
			developmentRegion = English;
			hasScannedForEncodings = 1;
			knownRegions = (
				en,
			);
			mainGroup = 29B97314FDCFA39411CA2CEA /* CustomTemplate */;
			projectDirPath = "";
			projectRoot = "";
			targets = (
				1D6058900D05DD3D006BFB54 /* Authenticator */,
				C9906A2D1812522100BAEF53 /* AuthenticatorTests */,
			);
		};
/* End PBXProject section */

/* Begin PBXResourcesBuildPhase section */
		1D60588D0D05DD3D006BFB54 /* Resources */ = {
			isa = PBXResourcesBuildPhase;
			buildActionMask = 2147483647;
			files = (
				C99069E1180E5B4100BAEF53 /* OTPTokenEntryViewController.xib in Resources */,
				C9F75C961843D01500B6FA14 /* iTunesArtwork@2x in Resources */,
				C9C6CCA21842E331000100C2 /* Images.xcassets in Resources */,
				C9F75C951843D01500B6FA14 /* iTunesArtwork in Resources */,
				C97B68C717D9226D005D1FE0 /* Settings.bundle in Resources */,
			);
			runOnlyForDeploymentPostprocessing = 0;
		};
		C9906A2C1812522100BAEF53 /* Resources */ = {
			isa = PBXResourcesBuildPhase;
			buildActionMask = 2147483647;
			files = (
			);
			runOnlyForDeploymentPostprocessing = 0;
		};
/* End PBXResourcesBuildPhase section */

/* Begin PBXShellScriptBuildPhase section */
		7D745802100A4933AC7F63D5 /* Check Pods Manifest.lock */ = {
			isa = PBXShellScriptBuildPhase;
			buildActionMask = 2147483647;
			files = (
			);
			inputPaths = (
			);
			name = "Check Pods Manifest.lock";
			outputPaths = (
			);
			runOnlyForDeploymentPostprocessing = 0;
			shellPath = /bin/sh;
			shellScript = "diff \"${PODS_ROOT}/../Podfile.lock\" \"${PODS_ROOT}/Manifest.lock\" > /dev/null\nif [[ $? != 0 ]] ; then\n    cat << EOM\nerror: The sandbox is not in sync with the Podfile.lock. Run 'pod install' or update your CocoaPods installation.\nEOM\n    exit 1\nfi\n";
			showEnvVarsInLog = 0;
		};
		9865F5A341C744F78B880E59 /* Copy Pods Resources */ = {
			isa = PBXShellScriptBuildPhase;
			buildActionMask = 2147483647;
			files = (
			);
			inputPaths = (
			);
			name = "Copy Pods Resources";
			outputPaths = (
			);
			runOnlyForDeploymentPostprocessing = 0;
			shellPath = /bin/sh;
			shellScript = "\"${SRCROOT}/Pods/Pods-resources.sh\"\n";
			showEnvVarsInLog = 0;
		};
/* End PBXShellScriptBuildPhase section */

/* Begin PBXSourcesBuildPhase section */
		1D60588E0D05DD3D006BFB54 /* Sources */ = {
			isa = PBXSourcesBuildPhase;
			buildActionMask = 2147483647;
			files = (
				C9044FD91824E05E002C3C3F /* NSString+PercentEncoding.m in Sources */,
				1D60589B0D05DD56006BFB54 /* main.m in Sources */,
				1D3623260D0F684500981E51 /* OTPAppDelegate.m in Sources */,
				C9F75C9C1843D31A00B6FA14 /* OTPTokenManager.m in Sources */,
				C999C693181344F40013C1C6 /* OTPToken.m in Sources */,
				C958CC4D1829DB9E00DD47D0 /* OTPToken+Generation.m in Sources */,
				C9044FC71821C466002C3C3F /* OTPToken+Serialization.m in Sources */,
				C958CC51182A1FDD00DD47D0 /* OTPTokenType.m in Sources */,
				C9F75CA21843F9BE00B6FA14 /* OTPTokenListViewController.m in Sources */,
				C9044FC31821BD63002C3C3F /* OTPToken+Persistence.m in Sources */,
				8B45557811932B5D00ABD707 /* OTPClock.m in Sources */,
				C9C6CCA518430493000100C2 /* NSData+Base32.m in Sources */,
				C99069D1180CBAC900BAEF53 /* OTPScannerViewController.m in Sources */,
				8B0028B511EB75920092DE18 /* OTPScannerOverlayView.m in Sources */,
				8BF23A7213D4EF7000F3FD82 /* UIColor+OTP.m in Sources */,
				C9745D0B17DA5861008B6E23 /* UIAlertView+Blocks.m in Sources */,
				C99069D4180E07A100BAEF53 /* OTPTokenEntryViewController.m in Sources */,
				C9ABDACF17DD3CF500A86AB5 /* OTPTokenCell.m in Sources */,
				C9044FCF18224D32002C3C3F /* OTPAlgorithm.m in Sources */,
				C9044FDC1824E711002C3C3F /* NSDictionary+QueryString.m in Sources */,
			);
			runOnlyForDeploymentPostprocessing = 0;
		};
		C9906A2A1812522100BAEF53 /* Sources */ = {
			isa = PBXSourcesBuildPhase;
			buildActionMask = 2147483647;
			files = (
				C9044FD61824CDE7002C3C3F /* OTPBase32Tests.m in Sources */,
				C940A981183EEFA300F7D04A /* OTPTokenGenerationTests.m in Sources */,
				C958CC54183043A600DD47D0 /* OTPTokenSerializationTests.m in Sources */,
				C9C6CC841842C5BC000100C2 /* OTPTokenPersistenceTests.m in Sources */,
			);
			runOnlyForDeploymentPostprocessing = 0;
		};
/* End PBXSourcesBuildPhase section */

/* Begin PBXTargetDependency section */
		C9906A3D1812522100BAEF53 /* PBXTargetDependency */ = {
			isa = PBXTargetDependency;
			target = 1D6058900D05DD3D006BFB54 /* Authenticator */;
			targetProxy = C9906A3C1812522100BAEF53 /* PBXContainerItemProxy */;
		};
/* End PBXTargetDependency section */

/* Begin XCBuildConfiguration section */
		1D6058940D05DD3E006BFB54 /* Debug */ = {
			isa = XCBuildConfiguration;
			baseConfigurationReference = 6ECCAC12D40844D7BA4D6B9B /* Pods.xcconfig */;
			buildSettings = {
				ASSETCATALOG_COMPILER_APPICON_NAME = AppIcon;
				ASSETCATALOG_COMPILER_LAUNCHIMAGE_NAME = LaunchImage;
				GCC_PREFIX_HEADER = Authenticator/Authenticator.pch;
				INFOPLIST_FILE = "Authenticator/Authenticator-Info.plist";
				PRODUCT_NAME = Authenticator;
			};
			name = Debug;
		};
		1D6058950D05DD3E006BFB54 /* Release */ = {
			isa = XCBuildConfiguration;
			baseConfigurationReference = 6ECCAC12D40844D7BA4D6B9B /* Pods.xcconfig */;
			buildSettings = {
				ASSETCATALOG_COMPILER_APPICON_NAME = AppIcon;
				ASSETCATALOG_COMPILER_LAUNCHIMAGE_NAME = LaunchImage;
				GCC_PREFIX_HEADER = Authenticator/Authenticator.pch;
				INFOPLIST_FILE = "Authenticator/Authenticator-Info.plist";
				PRODUCT_NAME = Authenticator;
			};
			name = Release;
		};
		C01FCF4F08A954540054247B /* Debug */ = {
			isa = XCBuildConfiguration;
			baseConfigurationReference = C9A4FA1317CF9D3100CD5EDC /* Common.xcconfig */;
			buildSettings = {
				CLANG_ENABLE_MODULES = YES;
				CLANG_ENABLE_OBJC_ARC = YES;
				CLANG_MODULES_AUTOLINK = YES;
				CODE_SIGN_IDENTITY = "iPhone Developer";
				COPY_PHASE_STRIP = NO;
				GCC_C_LANGUAGE_STANDARD = c99;
				GCC_DYNAMIC_NO_PIC = NO;
				GCC_OPTIMIZATION_LEVEL = 0;
				GCC_PRECOMPILE_PREFIX_HEADER = YES;
				GCC_PREPROCESSOR_DEFINITIONS = (
					"DEBUG=1",
					"$(inherited)",
				);
				GCC_SYMBOLS_PRIVATE_EXTERN = NO;
				IPHONEOS_DEPLOYMENT_TARGET = 7.0;
				ONLY_ACTIVE_ARCH = YES;
				SDKROOT = iphoneos;
			};
			name = Debug;
		};
		C01FCF5008A954540054247B /* Release */ = {
			isa = XCBuildConfiguration;
			baseConfigurationReference = C9A4FA1317CF9D3100CD5EDC /* Common.xcconfig */;
			buildSettings = {
				CLANG_ENABLE_MODULES = YES;
				CLANG_ENABLE_OBJC_ARC = YES;
				CLANG_MODULES_AUTOLINK = YES;
				CODE_SIGN_IDENTITY = "iPhone Developer";
				COPY_PHASE_STRIP = YES;
				ENABLE_NS_ASSERTIONS = NO;
				GCC_C_LANGUAGE_STANDARD = c99;
				GCC_DYNAMIC_NO_PIC = NO;
				GCC_PRECOMPILE_PREFIX_HEADER = YES;
				IPHONEOS_DEPLOYMENT_TARGET = 7.0;
				SDKROOT = iphoneos;
				VALIDATE_PRODUCT = YES;
			};
			name = Release;
		};
		C9906A3E1812522100BAEF53 /* Debug */ = {
			isa = XCBuildConfiguration;
			baseConfigurationReference = 6ECCAC12D40844D7BA4D6B9B /* Pods.xcconfig */;
			buildSettings = {
				ALWAYS_SEARCH_USER_PATHS = NO;
				BUNDLE_LOADER = "$(BUILT_PRODUCTS_DIR)/Authenticator.app/Authenticator";
				FRAMEWORK_SEARCH_PATHS = (
					"$(SDKROOT)/Developer/Library/Frameworks",
					"$(inherited)",
					"$(DEVELOPER_FRAMEWORKS_DIR)",
				);
				GCC_PREFIX_HEADER = "AuthenticatorTests/AuthenticatorTests-Prefix.pch";
				INFOPLIST_FILE = "AuthenticatorTests/AuthenticatorTests-Info.plist";
				PRODUCT_NAME = "$(TARGET_NAME)";
				TEST_HOST = "$(BUNDLE_LOADER)";
				WARNING_CFLAGS = (
					"$(inherited)",
					"-Wno-gnu",
				);
				WRAPPER_EXTENSION = xctest;
			};
			name = Debug;
		};
		C9906A3F1812522100BAEF53 /* Release */ = {
			isa = XCBuildConfiguration;
			baseConfigurationReference = 6ECCAC12D40844D7BA4D6B9B /* Pods.xcconfig */;
			buildSettings = {
				ALWAYS_SEARCH_USER_PATHS = NO;
				BUNDLE_LOADER = "$(BUILT_PRODUCTS_DIR)/Authenticator.app/Authenticator";
				FRAMEWORK_SEARCH_PATHS = (
					"$(SDKROOT)/Developer/Library/Frameworks",
					"$(inherited)",
					"$(DEVELOPER_FRAMEWORKS_DIR)",
				);
				GCC_PREFIX_HEADER = "AuthenticatorTests/AuthenticatorTests-Prefix.pch";
				INFOPLIST_FILE = "AuthenticatorTests/AuthenticatorTests-Info.plist";
				PRODUCT_NAME = "$(TARGET_NAME)";
				TEST_HOST = "$(BUNDLE_LOADER)";
				WARNING_CFLAGS = (
					"$(inherited)",
					"-Wno-gnu",
				);
				WRAPPER_EXTENSION = xctest;
			};
			name = Release;
		};
/* End XCBuildConfiguration section */

/* Begin XCConfigurationList section */
		1D6058960D05DD3E006BFB54 /* Build configuration list for PBXNativeTarget "Authenticator" */ = {
			isa = XCConfigurationList;
			buildConfigurations = (
				1D6058940D05DD3E006BFB54 /* Debug */,
				1D6058950D05DD3E006BFB54 /* Release */,
			);
			defaultConfigurationIsVisible = 0;
			defaultConfigurationName = Release;
		};
		C01FCF4E08A954540054247B /* Build configuration list for PBXProject "Authenticator" */ = {
			isa = XCConfigurationList;
			buildConfigurations = (
				C01FCF4F08A954540054247B /* Debug */,
				C01FCF5008A954540054247B /* Release */,
			);
			defaultConfigurationIsVisible = 0;
			defaultConfigurationName = Release;
		};
		C9906A401812522200BAEF53 /* Build configuration list for PBXNativeTarget "AuthenticatorTests" */ = {
			isa = XCConfigurationList;
			buildConfigurations = (
				C9906A3E1812522100BAEF53 /* Debug */,
				C9906A3F1812522100BAEF53 /* Release */,
			);
			defaultConfigurationIsVisible = 0;
			defaultConfigurationName = Release;
		};
/* End XCConfigurationList section */
	};
	rootObject = 29B97313FDCFA39411CA2CEA /* Project object */;
}
