// !$*UTF8*$!
{
	archiveVersion = 1;
	classes = {
	};
	objectVersion = 46;
	objects = {

/* Begin PBXBuildFile section */
		1D3623260D0F684500981E51 /* OTPAppDelegate.swift in Sources */ = {isa = PBXBuildFile; fileRef = 1D3623250D0F684500981E51 /* OTPAppDelegate.swift */; };
		8B0028B511EB75920092DE18 /* ScannerOverlayView.swift in Sources */ = {isa = PBXBuildFile; fileRef = 8B0028B411EB75920092DE18 /* ScannerOverlayView.swift */; };
		C9078D181AB7E90A0068A11D /* OTPTextFieldCell+TokenForm.swift in Sources */ = {isa = PBXBuildFile; fileRef = C9078D171AB7E90A0068A11D /* OTPTextFieldCell+TokenForm.swift */; };
		C910ADC11BF0315A00C988F5 /* TokenManager.swift in Sources */ = {isa = PBXBuildFile; fileRef = C910ADC01BF0315A00C988F5 /* TokenManager.swift */; settings = {ASSET_TAGS = (); }; };
		C92708AC19CFB0750033128B /* OTPTokenListViewController.swift in Sources */ = {isa = PBXBuildFile; fileRef = C92708AB19CFB0750033128B /* OTPTokenListViewController.swift */; };
		C93AD15219CD51BE007480E9 /* Colors.swift in Sources */ = {isa = PBXBuildFile; fileRef = C93AD15119CD51BE007480E9 /* Colors.swift */; };
		C944A5571A7ECB0800E08B1E /* OneTimePassword.framework in Copy Frameworks */ = {isa = PBXBuildFile; fileRef = C944A5561A7ECB0800E08B1E /* OneTimePassword.framework */; settings = {ATTRIBUTES = (CodeSignOnCopy, RemoveHeadersOnCopy, ); }; };
		C944A5591A7ECB3100E08B1E /* Base32.framework in Copy Frameworks */ = {isa = PBXBuildFile; fileRef = C944A5581A7ECB3100E08B1E /* Base32.framework */; settings = {ATTRIBUTES = (CodeSignOnCopy, RemoveHeadersOnCopy, ); }; };
		C97B68C717D9226D005D1FE0 /* Settings.bundle in Resources */ = {isa = PBXBuildFile; fileRef = C97B68C617D9226D005D1FE0 /* Settings.bundle */; };
		C97CDF261BEEA66A00D64406 /* SVProgressHUD.framework in Copy Frameworks */ = {isa = PBXBuildFile; fileRef = C97CDF241BEEA49300D64406 /* SVProgressHUD.framework */; settings = {ATTRIBUTES = (CodeSignOnCopy, RemoveHeadersOnCopy, ); }; };
		C97CDF291BEEA82B00D64406 /* CommonCrypto.framework in Copy Frameworks */ = {isa = PBXBuildFile; fileRef = C97CDF271BEEA7DA00D64406 /* CommonCrypto.framework */; settings = {ATTRIBUTES = (CodeSignOnCopy, RemoveHeadersOnCopy, ); }; };
		C97CDF2C1BEEC90100D64406 /* QRScanner.swift in Sources */ = {isa = PBXBuildFile; fileRef = C97CDF2B1BEEC90100D64406 /* QRScanner.swift */; settings = {ASSET_TAGS = (); }; };
		C9800C491BCAA81D00CCB9B7 /* FormModels.swift in Sources */ = {isa = PBXBuildFile; fileRef = C9800C481BCAA81D00CCB9B7 /* FormModels.swift */; settings = {ASSET_TAGS = (); }; };
		C983AB74197F98FC00975003 /* OTPAuthenticatorTests.m in Sources */ = {isa = PBXBuildFile; fileRef = C983AB73197F98FC00975003 /* OTPAuthenticatorTests.m */; };
		C98B1ECA1AB2CEC300C59E53 /* TokenRowModel.swift in Sources */ = {isa = PBXBuildFile; fileRef = C98B1EC91AB2CEC300C59E53 /* TokenRowModel.swift */; };
		C98B1ECC1AB3CF0700C59E53 /* TokenRowCell.swift in Sources */ = {isa = PBXBuildFile; fileRef = C98B1ECB1AB3CF0700C59E53 /* TokenRowCell.swift */; };
		C99069D1180CBAC900BAEF53 /* TokenScannerViewController.swift in Sources */ = {isa = PBXBuildFile; fileRef = C99069D0180CBAC900BAEF53 /* TokenScannerViewController.swift */; };
		C9919CDD1BA64EED006237C1 /* TokenEntryForm.swift in Sources */ = {isa = PBXBuildFile; fileRef = C9919CDC1BA64EED006237C1 /* TokenEntryForm.swift */; };
		C9919CE01BA721A1006237C1 /* ButtonHeaderView.swift in Sources */ = {isa = PBXBuildFile; fileRef = C9919CDF1BA721A1006237C1 /* ButtonHeaderView.swift */; };
		C9919CE21BA733FD006237C1 /* Section.swift in Sources */ = {isa = PBXBuildFile; fileRef = C9919CE11BA733FD006237C1 /* Section.swift */; };
		C99B85251BC9AB7100A6C75D /* BarButtonViewModel.swift in Sources */ = {isa = PBXBuildFile; fileRef = C99B85241BC9AB7100A6C75D /* BarButtonViewModel.swift */; settings = {ASSET_TAGS = (); }; };
		C9AAB0791B9113BF000CE547 /* OTPSegmentedControlCell+TokenForm.swift in Sources */ = {isa = PBXBuildFile; fileRef = C9AAB0781B9113BF000CE547 /* OTPSegmentedControlCell+TokenForm.swift */; };
		C9AAB07F1B917EC3000CE547 /* TokenEditForm.swift in Sources */ = {isa = PBXBuildFile; fileRef = C9AAB07E1B917EC3000CE547 /* TokenEditForm.swift */; };
		C9AAB0811B9187F8000CE547 /* TokenForm.swift in Sources */ = {isa = PBXBuildFile; fileRef = C9AAB0801B9187F8000CE547 /* TokenForm.swift */; };
		C9BEAE6019C67FD800533385 /* LaunchScreen.xib in Resources */ = {isa = PBXBuildFile; fileRef = C9BEAE5F19C67FD800533385 /* LaunchScreen.xib */; };
		C9C6CCA21842E331000100C2 /* Images.xcassets in Resources */ = {isa = PBXBuildFile; fileRef = C9C6CCA11842E331000100C2 /* Images.xcassets */; };
		C9CC09511BA903B7008C54FE /* TokenFormViewController.swift in Sources */ = {isa = PBXBuildFile; fileRef = C9CC09501BA903B7008C54FE /* TokenFormViewController.swift */; settings = {ASSET_TAGS = (); }; };
		C9CC09531BA9133B008C54FE /* FocusCell.swift in Sources */ = {isa = PBXBuildFile; fileRef = C9CC09521BA9133B008C54FE /* FocusCell.swift */; settings = {ASSET_TAGS = (); }; };
		C9CC09551BA91D1C008C54FE /* TableViewModel.swift in Sources */ = {isa = PBXBuildFile; fileRef = C9CC09541BA91D1C008C54FE /* TableViewModel.swift */; settings = {ASSET_TAGS = (); }; };
		C9D6C83F1906BD68004F0E08 /* SegmentedControlRowCell.swift in Sources */ = {isa = PBXBuildFile; fileRef = C9D6C83E1906BD68004F0E08 /* SegmentedControlRowCell.swift */; };
		C9D6C8461906CD54004F0E08 /* TextFieldRowCell.swift in Sources */ = {isa = PBXBuildFile; fileRef = C9D6C8451906CD54004F0E08 /* TextFieldRowCell.swift */; };
		C9D6C84C19075044004F0E08 /* OTPProgressRing.swift in Sources */ = {isa = PBXBuildFile; fileRef = C9D6C84B19075044004F0E08 /* OTPProgressRing.swift */; };
		C9F75C951843D01500B6FA14 /* iTunesArtwork in Resources */ = {isa = PBXBuildFile; fileRef = C9F75C931843D01500B6FA14 /* iTunesArtwork */; };
		C9F75C961843D01500B6FA14 /* iTunesArtwork@2x in Resources */ = {isa = PBXBuildFile; fileRef = C9F75C941843D01500B6FA14 /* iTunesArtwork@2x */; };
/* End PBXBuildFile section */

/* Begin PBXContainerItemProxy section */
		C9906A3C1812522100BAEF53 /* PBXContainerItemProxy */ = {
			isa = PBXContainerItemProxy;
			containerPortal = 29B97313FDCFA39411CA2CEA /* Project object */;
			proxyType = 1;
			remoteGlobalIDString = 1D6058900D05DD3D006BFB54;
			remoteInfo = Authenticator;
		};
/* End PBXContainerItemProxy section */

/* Begin PBXCopyFilesBuildPhase section */
		C944A5531A7ECA5000E08B1E /* Copy Frameworks */ = {
			isa = PBXCopyFilesBuildPhase;
			buildActionMask = 2147483647;
			dstPath = "";
			dstSubfolderSpec = 10;
			files = (
				C944A5591A7ECB3100E08B1E /* Base32.framework in Copy Frameworks */,
				C97CDF291BEEA82B00D64406 /* CommonCrypto.framework in Copy Frameworks */,
				C944A5571A7ECB0800E08B1E /* OneTimePassword.framework in Copy Frameworks */,
				C97CDF261BEEA66A00D64406 /* SVProgressHUD.framework in Copy Frameworks */,
			);
			name = "Copy Frameworks";
			runOnlyForDeploymentPostprocessing = 0;
		};
/* End PBXCopyFilesBuildPhase section */

/* Begin PBXFileReference section */
		1D3623250D0F684500981E51 /* OTPAppDelegate.swift */ = {isa = PBXFileReference; fileEncoding = 4; lastKnownFileType = sourcecode.swift; path = OTPAppDelegate.swift; sourceTree = "<group>"; };
		1D6058910D05DD3D006BFB54 /* Authenticator.app */ = {isa = PBXFileReference; explicitFileType = wrapper.application; includeInIndex = 0; path = Authenticator.app; sourceTree = BUILT_PRODUCTS_DIR; };
		8B0028B411EB75920092DE18 /* ScannerOverlayView.swift */ = {isa = PBXFileReference; fileEncoding = 4; lastKnownFileType = sourcecode.swift; path = ScannerOverlayView.swift; sourceTree = "<group>"; };
		8B2B8AE1118BA49F00437315 /* README.md */ = {isa = PBXFileReference; fileEncoding = 4; lastKnownFileType = text; path = README.md; sourceTree = "<group>"; };
		8BF5147F118799AE005C936F /* Authenticator-Info.plist */ = {isa = PBXFileReference; fileEncoding = 4; lastKnownFileType = text.plist.xml; path = "Authenticator-Info.plist"; sourceTree = "<group>"; };
		C9078D171AB7E90A0068A11D /* OTPTextFieldCell+TokenForm.swift */ = {isa = PBXFileReference; fileEncoding = 4; lastKnownFileType = sourcecode.swift; path = "OTPTextFieldCell+TokenForm.swift"; sourceTree = "<group>"; };
		C910ADC01BF0315A00C988F5 /* TokenManager.swift */ = {isa = PBXFileReference; fileEncoding = 4; lastKnownFileType = sourcecode.swift; path = TokenManager.swift; sourceTree = "<group>"; };
		C92708AB19CFB0750033128B /* OTPTokenListViewController.swift */ = {isa = PBXFileReference; fileEncoding = 4; lastKnownFileType = sourcecode.swift; path = OTPTokenListViewController.swift; sourceTree = "<group>"; };
		C93AD15119CD51BE007480E9 /* Colors.swift */ = {isa = PBXFileReference; fileEncoding = 4; lastKnownFileType = sourcecode.swift; path = Colors.swift; sourceTree = "<group>"; };
		C944A5561A7ECB0800E08B1E /* OneTimePassword.framework */ = {isa = PBXFileReference; lastKnownFileType = wrapper.framework; path = OneTimePassword.framework; sourceTree = BUILT_PRODUCTS_DIR; };
		C944A5581A7ECB3100E08B1E /* Base32.framework */ = {isa = PBXFileReference; lastKnownFileType = wrapper.framework; path = Base32.framework; sourceTree = BUILT_PRODUCTS_DIR; };
		C944A56A1A7F772600E08B1E /* Debug.xcconfig */ = {isa = PBXFileReference; lastKnownFileType = text.xcconfig; name = Debug.xcconfig; path = Configurations/Debug.xcconfig; sourceTree = "<group>"; };
		C944A56B1A7F772600E08B1E /* Profile.xcconfig */ = {isa = PBXFileReference; lastKnownFileType = text.xcconfig; name = Profile.xcconfig; path = Configurations/Profile.xcconfig; sourceTree = "<group>"; };
		C944A56C1A7F772600E08B1E /* Release.xcconfig */ = {isa = PBXFileReference; lastKnownFileType = text.xcconfig; name = Release.xcconfig; path = Configurations/Release.xcconfig; sourceTree = "<group>"; };
		C944A56D1A7F772600E08B1E /* Test.xcconfig */ = {isa = PBXFileReference; lastKnownFileType = text.xcconfig; name = Test.xcconfig; path = Configurations/Test.xcconfig; sourceTree = "<group>"; };
		C944A5731A7F772600E08B1E /* iOS-Application.xcconfig */ = {isa = PBXFileReference; lastKnownFileType = text.xcconfig; path = "iOS-Application.xcconfig"; sourceTree = "<group>"; };
		C944A5751A7F772600E08B1E /* iOS-Framework.xcconfig */ = {isa = PBXFileReference; lastKnownFileType = text.xcconfig; path = "iOS-Framework.xcconfig"; sourceTree = "<group>"; };
		C944A5761A7F772600E08B1E /* iOS-StaticLibrary.xcconfig */ = {isa = PBXFileReference; lastKnownFileType = text.xcconfig; path = "iOS-StaticLibrary.xcconfig"; sourceTree = "<group>"; };
		C944A5781A7F772600E08B1E /* Mac-Application.xcconfig */ = {isa = PBXFileReference; lastKnownFileType = text.xcconfig; path = "Mac-Application.xcconfig"; sourceTree = "<group>"; };
		C944A57A1A7F772600E08B1E /* Mac-DynamicLibrary.xcconfig */ = {isa = PBXFileReference; lastKnownFileType = text.xcconfig; path = "Mac-DynamicLibrary.xcconfig"; sourceTree = "<group>"; };
		C944A57B1A7F772600E08B1E /* Mac-Framework.xcconfig */ = {isa = PBXFileReference; lastKnownFileType = text.xcconfig; path = "Mac-Framework.xcconfig"; sourceTree = "<group>"; };
		C944A57C1A7F772600E08B1E /* Mac-StaticLibrary.xcconfig */ = {isa = PBXFileReference; lastKnownFileType = text.xcconfig; path = "Mac-StaticLibrary.xcconfig"; sourceTree = "<group>"; };
		C959A63C190A69120042DEC0 /* Icon.svg */ = {isa = PBXFileReference; lastKnownFileType = text.xml; path = Icon.svg; sourceTree = "<group>"; };
		C959A63E190A69E60042DEC0 /* GenerateIcons.sh */ = {isa = PBXFileReference; lastKnownFileType = text.script.sh; path = GenerateIcons.sh; sourceTree = "<group>"; };
		C9776E3318518801003D53CB /* LICENSE.txt */ = {isa = PBXFileReference; lastKnownFileType = text; path = LICENSE.txt; sourceTree = "<group>"; };
		C97B68C617D9226D005D1FE0 /* Settings.bundle */ = {isa = PBXFileReference; lastKnownFileType = "wrapper.plug-in"; path = Settings.bundle; sourceTree = "<group>"; };
		C97CDF041BEE927200D64406 /* AUTHORS */ = {isa = PBXFileReference; lastKnownFileType = text; path = AUTHORS; sourceTree = "<group>"; };
		C97CDF241BEEA49300D64406 /* SVProgressHUD.framework */ = {isa = PBXFileReference; lastKnownFileType = wrapper.framework; path = SVProgressHUD.framework; sourceTree = BUILT_PRODUCTS_DIR; };
		C97CDF271BEEA7DA00D64406 /* CommonCrypto.framework */ = {isa = PBXFileReference; lastKnownFileType = wrapper.framework; path = CommonCrypto.framework; sourceTree = BUILT_PRODUCTS_DIR; };
		C97CDF2B1BEEC90100D64406 /* QRScanner.swift */ = {isa = PBXFileReference; fileEncoding = 4; lastKnownFileType = sourcecode.swift; path = QRScanner.swift; sourceTree = "<group>"; };
		C9800C481BCAA81D00CCB9B7 /* FormModels.swift */ = {isa = PBXFileReference; fileEncoding = 4; lastKnownFileType = sourcecode.swift; path = FormModels.swift; sourceTree = "<group>"; };
		C983AB73197F98FC00975003 /* OTPAuthenticatorTests.m */ = {isa = PBXFileReference; fileEncoding = 4; lastKnownFileType = sourcecode.c.objc; path = OTPAuthenticatorTests.m; sourceTree = "<group>"; };
		C98B1EC91AB2CEC300C59E53 /* TokenRowModel.swift */ = {isa = PBXFileReference; fileEncoding = 4; lastKnownFileType = sourcecode.swift; path = TokenRowModel.swift; sourceTree = "<group>"; };
		C98B1ECB1AB3CF0700C59E53 /* TokenRowCell.swift */ = {isa = PBXFileReference; fileEncoding = 4; lastKnownFileType = sourcecode.swift; path = TokenRowCell.swift; sourceTree = "<group>"; };
		C99069D0180CBAC900BAEF53 /* TokenScannerViewController.swift */ = {isa = PBXFileReference; fileEncoding = 4; lastKnownFileType = sourcecode.swift; path = TokenScannerViewController.swift; sourceTree = "<group>"; };
		C9906A2E1812522100BAEF53 /* AuthenticatorTests.xctest */ = {isa = PBXFileReference; explicitFileType = wrapper.cfbundle; includeInIndex = 0; path = AuthenticatorTests.xctest; sourceTree = BUILT_PRODUCTS_DIR; };
		C9919CDC1BA64EED006237C1 /* TokenEntryForm.swift */ = {isa = PBXFileReference; fileEncoding = 4; lastKnownFileType = sourcecode.swift; path = TokenEntryForm.swift; sourceTree = "<group>"; };
		C9919CDF1BA721A1006237C1 /* ButtonHeaderView.swift */ = {isa = PBXFileReference; fileEncoding = 4; lastKnownFileType = sourcecode.swift; path = ButtonHeaderView.swift; sourceTree = "<group>"; };
		C9919CE11BA733FD006237C1 /* Section.swift */ = {isa = PBXFileReference; fileEncoding = 4; lastKnownFileType = sourcecode.swift; path = Section.swift; sourceTree = "<group>"; };
		C99B85241BC9AB7100A6C75D /* BarButtonViewModel.swift */ = {isa = PBXFileReference; fileEncoding = 4; lastKnownFileType = sourcecode.swift; path = BarButtonViewModel.swift; sourceTree = "<group>"; };
		C9AAB0781B9113BF000CE547 /* OTPSegmentedControlCell+TokenForm.swift */ = {isa = PBXFileReference; fileEncoding = 4; lastKnownFileType = sourcecode.swift; path = "OTPSegmentedControlCell+TokenForm.swift"; sourceTree = "<group>"; };
		C9AAB07E1B917EC3000CE547 /* TokenEditForm.swift */ = {isa = PBXFileReference; fileEncoding = 4; lastKnownFileType = sourcecode.swift; path = TokenEditForm.swift; sourceTree = "<group>"; };
		C9AAB0801B9187F8000CE547 /* TokenForm.swift */ = {isa = PBXFileReference; fileEncoding = 4; lastKnownFileType = sourcecode.swift; path = TokenForm.swift; sourceTree = "<group>"; };
		C9BEAE5F19C67FD800533385 /* LaunchScreen.xib */ = {isa = PBXFileReference; fileEncoding = 4; lastKnownFileType = file.xib; path = LaunchScreen.xib; sourceTree = "<group>"; };
		C9C6CCA11842E331000100C2 /* Images.xcassets */ = {isa = PBXFileReference; lastKnownFileType = folder.assetcatalog; path = Images.xcassets; sourceTree = "<group>"; };
		C9CC09501BA903B7008C54FE /* TokenFormViewController.swift */ = {isa = PBXFileReference; fileEncoding = 4; lastKnownFileType = sourcecode.swift; path = TokenFormViewController.swift; sourceTree = "<group>"; };
		C9CC09521BA9133B008C54FE /* FocusCell.swift */ = {isa = PBXFileReference; fileEncoding = 4; lastKnownFileType = sourcecode.swift; path = FocusCell.swift; sourceTree = "<group>"; };
		C9CC09541BA91D1C008C54FE /* TableViewModel.swift */ = {isa = PBXFileReference; fileEncoding = 4; lastKnownFileType = sourcecode.swift; path = TableViewModel.swift; sourceTree = "<group>"; };
		C9D6C83E1906BD68004F0E08 /* SegmentedControlRowCell.swift */ = {isa = PBXFileReference; fileEncoding = 4; lastKnownFileType = sourcecode.swift; path = SegmentedControlRowCell.swift; sourceTree = "<group>"; };
		C9D6C8451906CD54004F0E08 /* TextFieldRowCell.swift */ = {isa = PBXFileReference; fileEncoding = 4; lastKnownFileType = sourcecode.swift; path = TextFieldRowCell.swift; sourceTree = "<group>"; };
		C9D6C84B19075044004F0E08 /* OTPProgressRing.swift */ = {isa = PBXFileReference; fileEncoding = 4; lastKnownFileType = sourcecode.swift; path = OTPProgressRing.swift; sourceTree = "<group>"; };
		C9F75C931843D01500B6FA14 /* iTunesArtwork */ = {isa = PBXFileReference; explicitFileType = image.png; path = iTunesArtwork; sourceTree = "<group>"; };
		C9F75C941843D01500B6FA14 /* iTunesArtwork@2x */ = {isa = PBXFileReference; explicitFileType = image.png; path = "iTunesArtwork@2x"; sourceTree = "<group>"; };
/* End PBXFileReference section */

/* Begin PBXFrameworksBuildPhase section */
		1D60588F0D05DD3D006BFB54 /* Frameworks */ = {
			isa = PBXFrameworksBuildPhase;
			buildActionMask = 2147483647;
			files = (
			);
			runOnlyForDeploymentPostprocessing = 0;
		};
		C9906A2B1812522100BAEF53 /* Frameworks */ = {
			isa = PBXFrameworksBuildPhase;
			buildActionMask = 2147483647;
			files = (
			);
			runOnlyForDeploymentPostprocessing = 0;
		};
/* End PBXFrameworksBuildPhase section */

/* Begin PBXGroup section */
		080E96DDFE201D6D7F000001 /* Classes */ = {
			isa = PBXGroup;
			children = (
				1D3623250D0F684500981E51 /* OTPAppDelegate.swift */,
				C98C1C4917D2F03400A07D3F /* Display */,
				C98C1C4617D2EE6500A07D3F /* Entry */,
				C98C1C4E17D2F14500A07D3F /* Categories */,
			);
			path = Classes;
			sourceTree = "<group>";
		};
		19C28FACFE9D520D11CA2CBB /* Products */ = {
			isa = PBXGroup;
			children = (
				1D6058910D05DD3D006BFB54 /* Authenticator.app */,
				C9906A2E1812522100BAEF53 /* AuthenticatorTests.xctest */,
			);
			name = Products;
			sourceTree = "<group>";
		};
		29B97314FDCFA39411CA2CEA /* CustomTemplate */ = {
			isa = PBXGroup;
			children = (
				C97B68CB17D964D4005D1FE0 /* Authenticator */,
				C9906A331812522100BAEF53 /* AuthenticatorTests */,
				29B97323FDCFA39411CA2CEA /* Frameworks */,
				C944A5661A7F772500E08B1E /* Configuration */,
				19C28FACFE9D520D11CA2CBB /* Products */,
				C9776E32185187E8003D53CB /* Docs */,
			);
			name = CustomTemplate;
			sourceTree = "<group>";
		};
		29B97315FDCFA39411CA2CEA /* Other Sources */ = {
			isa = PBXGroup;
			children = (
				8BF5147F118799AE005C936F /* Authenticator-Info.plist */,
			);
			name = "Other Sources";
			sourceTree = "<group>";
		};
		29B97317FDCFA39411CA2CEA /* Resources */ = {
			isa = PBXGroup;
			children = (
				C9F75C921843CFFD00B6FA14 /* App Icon */,
				C9C6CCA11842E331000100C2 /* Images.xcassets */,
				C9BEAE5F19C67FD800533385 /* LaunchScreen.xib */,
				C97B68C617D9226D005D1FE0 /* Settings.bundle */,
			);
			path = Resources;
			sourceTree = "<group>";
		};
		29B97323FDCFA39411CA2CEA /* Frameworks */ = {
			isa = PBXGroup;
			children = (
				C944A5581A7ECB3100E08B1E /* Base32.framework */,
				C97CDF271BEEA7DA00D64406 /* CommonCrypto.framework */,
				C944A5561A7ECB0800E08B1E /* OneTimePassword.framework */,
				C97CDF241BEEA49300D64406 /* SVProgressHUD.framework */,
			);
			name = Frameworks;
			sourceTree = "<group>";
		};
		C944A5661A7F772500E08B1E /* Configuration */ = {
			isa = PBXGroup;
			children = (
				C944A5671A7F772500E08B1E /* Base */,
				C944A5721A7F772600E08B1E /* iOS */,
				C944A5771A7F772600E08B1E /* Mac OS X */,
			);
			name = Configuration;
			path = Carthage/Checkouts/xcconfigs;
			sourceTree = "<group>";
		};
		C944A5671A7F772500E08B1E /* Base */ = {
			isa = PBXGroup;
			children = (
				C944A56A1A7F772600E08B1E /* Debug.xcconfig */,
				C944A56B1A7F772600E08B1E /* Profile.xcconfig */,
				C944A56C1A7F772600E08B1E /* Release.xcconfig */,
				C944A56D1A7F772600E08B1E /* Test.xcconfig */,
			);
			path = Base;
			sourceTree = "<group>";
		};
		C944A5721A7F772600E08B1E /* iOS */ = {
			isa = PBXGroup;
			children = (
				C944A5731A7F772600E08B1E /* iOS-Application.xcconfig */,
				C944A5751A7F772600E08B1E /* iOS-Framework.xcconfig */,
				C944A5761A7F772600E08B1E /* iOS-StaticLibrary.xcconfig */,
			);
			path = iOS;
			sourceTree = "<group>";
		};
		C944A5771A7F772600E08B1E /* Mac OS X */ = {
			isa = PBXGroup;
			children = (
				C944A5781A7F772600E08B1E /* Mac-Application.xcconfig */,
				C944A57A1A7F772600E08B1E /* Mac-DynamicLibrary.xcconfig */,
				C944A57B1A7F772600E08B1E /* Mac-Framework.xcconfig */,
				C944A57C1A7F772600E08B1E /* Mac-StaticLibrary.xcconfig */,
			);
			path = "Mac OS X";
			sourceTree = "<group>";
		};
		C9776E32185187E8003D53CB /* Docs */ = {
			isa = PBXGroup;
			children = (
				8B2B8AE1118BA49F00437315 /* README.md */,
				C97CDF041BEE927200D64406 /* AUTHORS */,
				C9776E3318518801003D53CB /* LICENSE.txt */,
			);
			name = Docs;
			sourceTree = "<group>";
		};
		C97B68CB17D964D4005D1FE0 /* Authenticator */ = {
			isa = PBXGroup;
			children = (
				080E96DDFE201D6D7F000001 /* Classes */,
				29B97317FDCFA39411CA2CEA /* Resources */,
				29B97315FDCFA39411CA2CEA /* Other Sources */,
			);
			path = Authenticator;
			sourceTree = "<group>";
		};
		C97CDF2D1BEF10B300D64406 /* Scanner */ = {
			isa = PBXGroup;
			children = (
				C97CDF2B1BEEC90100D64406 /* QRScanner.swift */,
				C99069D0180CBAC900BAEF53 /* TokenScannerViewController.swift */,
				8B0028B411EB75920092DE18 /* ScannerOverlayView.swift */,
			);
			name = Scanner;
			sourceTree = "<group>";
		};
		C98C1C4517D2EDF500A07D3F /* Cells */ = {
			isa = PBXGroup;
			children = (
				C98B1EC91AB2CEC300C59E53 /* TokenRowModel.swift */,
				C98B1ECB1AB3CF0700C59E53 /* TokenRowCell.swift */,
			);
			name = Cells;
			sourceTree = "<group>";
		};
		C98C1C4617D2EE6500A07D3F /* Entry */ = {
			isa = PBXGroup;
			children = (
				C9CC09501BA903B7008C54FE /* TokenFormViewController.swift */,
				C9B0B9501BC9159300BD5844 /* Forms */,
				C9B0B94F1BC9158200BD5844 /* View Models */,
				C9D6C8401906BD6F004F0E08 /* Cells */,
				C97CDF2D1BEF10B300D64406 /* Scanner */,
			);
			name = Entry;
			sourceTree = "<group>";
		};
		C98C1C4917D2F03400A07D3F /* Display */ = {
			isa = PBXGroup;
			children = (
				C92708AB19CFB0750033128B /* OTPTokenListViewController.swift */,
				C910ADC01BF0315A00C988F5 /* TokenManager.swift */,
				C98C1C4517D2EDF500A07D3F /* Cells */,
				C9D6C84B19075044004F0E08 /* OTPProgressRing.swift */,
			);
			name = Display;
			sourceTree = "<group>";
		};
		C98C1C4E17D2F14500A07D3F /* Categories */ = {
			isa = PBXGroup;
			children = (
				C93AD15119CD51BE007480E9 /* Colors.swift */,
			);
			name = Categories;
			sourceTree = "<group>";
		};
		C9906A331812522100BAEF53 /* AuthenticatorTests */ = {
			isa = PBXGroup;
			children = (
				C983AB73197F98FC00975003 /* OTPAuthenticatorTests.m */,
			);
			path = AuthenticatorTests;
			sourceTree = "<group>";
		};
		C9B0B94F1BC9158200BD5844 /* View Models */ = {
			isa = PBXGroup;
			children = (
				C9CC09541BA91D1C008C54FE /* TableViewModel.swift */,
				C99B85241BC9AB7100A6C75D /* BarButtonViewModel.swift */,
				C9919CE11BA733FD006237C1 /* Section.swift */,
			);
			name = "View Models";
			sourceTree = "<group>";
		};
		C9B0B9501BC9159300BD5844 /* Forms */ = {
			isa = PBXGroup;
			children = (
				C9AAB0801B9187F8000CE547 /* TokenForm.swift */,
				C9800C481BCAA81D00CCB9B7 /* FormModels.swift */,
				C9AAB07E1B917EC3000CE547 /* TokenEditForm.swift */,
				C9919CDC1BA64EED006237C1 /* TokenEntryForm.swift */,
			);
			name = Forms;
			sourceTree = "<group>";
		};
		C9D6C8401906BD6F004F0E08 /* Cells */ = {
			isa = PBXGroup;
			children = (
				C9CC09521BA9133B008C54FE /* FocusCell.swift */,
				C9D6C83E1906BD68004F0E08 /* SegmentedControlRowCell.swift */,
				C9AAB0781B9113BF000CE547 /* OTPSegmentedControlCell+TokenForm.swift */,
				C9D6C8451906CD54004F0E08 /* TextFieldRowCell.swift */,
				C9078D171AB7E90A0068A11D /* OTPTextFieldCell+TokenForm.swift */,
				C9919CDF1BA721A1006237C1 /* ButtonHeaderView.swift */,
			);
			name = Cells;
			sourceTree = "<group>";
		};
		C9F75C921843CFFD00B6FA14 /* App Icon */ = {
			isa = PBXGroup;
			children = (
				C959A63C190A69120042DEC0 /* Icon.svg */,
				C959A63E190A69E60042DEC0 /* GenerateIcons.sh */,
				C9F75C931843D01500B6FA14 /* iTunesArtwork */,
				C9F75C941843D01500B6FA14 /* iTunesArtwork@2x */,
			);
			name = "App Icon";
			sourceTree = "<group>";
		};
/* End PBXGroup section */

/* Begin PBXNativeTarget section */
		1D6058900D05DD3D006BFB54 /* Authenticator */ = {
			isa = PBXNativeTarget;
			buildConfigurationList = 1D6058960D05DD3E006BFB54 /* Build configuration list for PBXNativeTarget "Authenticator" */;
			buildPhases = (
				C959A63F190A6CB10042DEC0 /* Generate Icons */,
				1D60588D0D05DD3D006BFB54 /* Resources */,
				1D60588E0D05DD3D006BFB54 /* Sources */,
				C910ADBF1BF00ABF00C988F5 /* Lint */,
				1D60588F0D05DD3D006BFB54 /* Frameworks */,
				C944A5531A7ECA5000E08B1E /* Copy Frameworks */,
			);
			buildRules = (
			);
			dependencies = (
			);
			name = Authenticator;
			productName = Authenticator;
			productReference = 1D6058910D05DD3D006BFB54 /* Authenticator.app */;
			productType = "com.apple.product-type.application";
		};
		C9906A2D1812522100BAEF53 /* AuthenticatorTests */ = {
			isa = PBXNativeTarget;
			buildConfigurationList = C9906A401812522200BAEF53 /* Build configuration list for PBXNativeTarget "AuthenticatorTests" */;
			buildPhases = (
				C9906A2A1812522100BAEF53 /* Sources */,
				C9906A2B1812522100BAEF53 /* Frameworks */,
				C9906A2C1812522100BAEF53 /* Resources */,
			);
			buildRules = (
			);
			dependencies = (
				C9906A3D1812522100BAEF53 /* PBXTargetDependency */,
			);
			name = AuthenticatorTests;
			productName = AuthenticatorTests;
			productReference = C9906A2E1812522100BAEF53 /* AuthenticatorTests.xctest */;
			productType = "com.apple.product-type.bundle.unit-test";
		};
/* End PBXNativeTarget section */

/* Begin PBXProject section */
		29B97313FDCFA39411CA2CEA /* Project object */ = {
			isa = PBXProject;
			attributes = {
				CLASSPREFIX = OTP;
				LastSwiftMigration = 0700;
				LastSwiftUpdateCheck = 0700;
				LastUpgradeCheck = 0700;
				ORGANIZATIONNAME = "Matt Rubin";
				TargetAttributes = {
					C9906A2D1812522100BAEF53 = {
						TestTargetID = 1D6058900D05DD3D006BFB54;
					};
				};
			};
			buildConfigurationList = C01FCF4E08A954540054247B /* Build configuration list for PBXProject "Authenticator" */;
			compatibilityVersion = "Xcode 3.2";
			developmentRegion = English;
			hasScannedForEncodings = 1;
			knownRegions = (
				en,
			);
			mainGroup = 29B97314FDCFA39411CA2CEA /* CustomTemplate */;
			projectDirPath = "";
			projectRoot = "";
			targets = (
				1D6058900D05DD3D006BFB54 /* Authenticator */,
				C9906A2D1812522100BAEF53 /* AuthenticatorTests */,
			);
		};
/* End PBXProject section */

/* Begin PBXResourcesBuildPhase section */
		1D60588D0D05DD3D006BFB54 /* Resources */ = {
			isa = PBXResourcesBuildPhase;
			buildActionMask = 2147483647;
			files = (
				C9BEAE6019C67FD800533385 /* LaunchScreen.xib in Resources */,
				C9F75C961843D01500B6FA14 /* iTunesArtwork@2x in Resources */,
				C9C6CCA21842E331000100C2 /* Images.xcassets in Resources */,
				C9F75C951843D01500B6FA14 /* iTunesArtwork in Resources */,
				C97B68C717D9226D005D1FE0 /* Settings.bundle in Resources */,
			);
			runOnlyForDeploymentPostprocessing = 0;
		};
		C9906A2C1812522100BAEF53 /* Resources */ = {
			isa = PBXResourcesBuildPhase;
			buildActionMask = 2147483647;
			files = (
			);
			runOnlyForDeploymentPostprocessing = 0;
		};
/* End PBXResourcesBuildPhase section */

/* Begin PBXShellScriptBuildPhase section */
		C910ADBF1BF00ABF00C988F5 /* Lint */ = {
			isa = PBXShellScriptBuildPhase;
			buildActionMask = 2147483647;
			files = (
			);
			inputPaths = (
			);
			name = Lint;
			outputPaths = (
			);
			runOnlyForDeploymentPostprocessing = 0;
			shellPath = /bin/sh;
			shellScript = "if which swiftlint >/dev/null; then\n    swiftlint\nelse\n    echo \"SwiftLint does not exist, download from https://github.com/realm/SwiftLint\"\nfi\n";
		};
		C959A63F190A6CB10042DEC0 /* Generate Icons */ = {
			isa = PBXShellScriptBuildPhase;
			buildActionMask = 2147483647;
			files = (
			);
			inputPaths = (
			);
			name = "Generate Icons";
			outputPaths = (
			);
			runOnlyForDeploymentPostprocessing = 0;
			shellPath = /bin/bash;
			shellScript = "PATH=/usr/local/bin:${PATH}\ncd \"${SRCROOT}/Authenticator/Resources/\"\n./GenerateIcons.sh";
			showEnvVarsInLog = 0;
		};
/* End PBXShellScriptBuildPhase section */

/* Begin PBXSourcesBuildPhase section */
		1D60588E0D05DD3D006BFB54 /* Sources */ = {
			isa = PBXSourcesBuildPhase;
			buildActionMask = 2147483647;
			files = (
				C93AD15219CD51BE007480E9 /* Colors.swift in Sources */,
				C9919CE01BA721A1006237C1 /* ButtonHeaderView.swift in Sources */,
				C9AAB0811B9187F8000CE547 /* TokenForm.swift in Sources */,
				C98B1ECA1AB2CEC300C59E53 /* TokenRowModel.swift in Sources */,
				C9800C491BCAA81D00CCB9B7 /* FormModels.swift in Sources */,
				C99B85251BC9AB7100A6C75D /* BarButtonViewModel.swift in Sources */,
				C9AAB0791B9113BF000CE547 /* OTPSegmentedControlCell+TokenForm.swift in Sources */,
				1D3623260D0F684500981E51 /* OTPAppDelegate.swift in Sources */,
				C9919CE21BA733FD006237C1 /* Section.swift in Sources */,
				C9D6C8461906CD54004F0E08 /* TextFieldRowCell.swift in Sources */,
				C97CDF2C1BEEC90100D64406 /* QRScanner.swift in Sources */,
				C9AAB07F1B917EC3000CE547 /* TokenEditForm.swift in Sources */,
				C9D6C84C19075044004F0E08 /* OTPProgressRing.swift in Sources */,
				C9CC09531BA9133B008C54FE /* FocusCell.swift in Sources */,
				C99069D1180CBAC900BAEF53 /* TokenScannerViewController.swift in Sources */,
				C9D6C83F1906BD68004F0E08 /* SegmentedControlRowCell.swift in Sources */,
				8B0028B511EB75920092DE18 /* ScannerOverlayView.swift in Sources */,
				C9CC09551BA91D1C008C54FE /* TableViewModel.swift in Sources */,
				C92708AC19CFB0750033128B /* OTPTokenListViewController.swift in Sources */,
				C9CC09511BA903B7008C54FE /* TokenFormViewController.swift in Sources */,
				C98B1ECC1AB3CF0700C59E53 /* TokenRowCell.swift in Sources */,
				C910ADC11BF0315A00C988F5 /* TokenManager.swift in Sources */,
				C9919CDD1BA64EED006237C1 /* TokenEntryForm.swift in Sources */,
				C9078D181AB7E90A0068A11D /* OTPTextFieldCell+TokenForm.swift in Sources */,
			);
			runOnlyForDeploymentPostprocessing = 0;
		};
		C9906A2A1812522100BAEF53 /* Sources */ = {
			isa = PBXSourcesBuildPhase;
			buildActionMask = 2147483647;
			files = (
				C983AB74197F98FC00975003 /* OTPAuthenticatorTests.m in Sources */,
			);
			runOnlyForDeploymentPostprocessing = 0;
		};
/* End PBXSourcesBuildPhase section */

/* Begin PBXTargetDependency section */
		C9906A3D1812522100BAEF53 /* PBXTargetDependency */ = {
			isa = PBXTargetDependency;
			target = 1D6058900D05DD3D006BFB54 /* Authenticator */;
			targetProxy = C9906A3C1812522100BAEF53 /* PBXContainerItemProxy */;
		};
/* End PBXTargetDependency section */

/* Begin XCBuildConfiguration section */
		1D6058940D05DD3E006BFB54 /* Debug */ = {
			isa = XCBuildConfiguration;
			baseConfigurationReference = C944A5731A7F772600E08B1E /* iOS-Application.xcconfig */;
			buildSettings = {
				ASSETCATALOG_COMPILER_APPICON_NAME = AppIcon;
				INFOPLIST_FILE = "Authenticator/Authenticator-Info.plist";
				PRODUCT_BUNDLE_IDENTIFIER = me.mattrubin.authenticator;
				PRODUCT_NAME = Authenticator;
			};
			name = Debug;
		};
		1D6058950D05DD3E006BFB54 /* Release */ = {
			isa = XCBuildConfiguration;
			baseConfigurationReference = C944A5731A7F772600E08B1E /* iOS-Application.xcconfig */;
			buildSettings = {
				ASSETCATALOG_COMPILER_APPICON_NAME = AppIcon;
				INFOPLIST_FILE = "Authenticator/Authenticator-Info.plist";
				PRODUCT_BUNDLE_IDENTIFIER = me.mattrubin.authenticator;
				PRODUCT_NAME = Authenticator;
			};
			name = Release;
		};
		C01FCF4F08A954540054247B /* Debug */ = {
			isa = XCBuildConfiguration;
			baseConfigurationReference = C944A56A1A7F772600E08B1E /* Debug.xcconfig */;
			buildSettings = {
				CLANG_MODULES_AUTOLINK = YES;
				"CODE_SIGN_IDENTITY[sdk=iphoneos*]" = "iPhone Developer";
				ENABLE_TESTABILITY = YES;
				FRAMEWORK_SEARCH_PATHS = (
					"$(inherited)",
					"$(BUILT_PRODUCTS_DIR)",
				);
				GCC_DYNAMIC_NO_PIC = NO;
				GCC_NO_COMMON_BLOCKS = YES;
				IPHONEOS_DEPLOYMENT_TARGET = 8.0;
				ONLY_ACTIVE_ARCH = YES;
				SDKROOT = iphoneos;
			};
			name = Debug;
		};
		C01FCF5008A954540054247B /* Release */ = {
			isa = XCBuildConfiguration;
			baseConfigurationReference = C944A56C1A7F772600E08B1E /* Release.xcconfig */;
			buildSettings = {
				CLANG_MODULES_AUTOLINK = YES;
				"CODE_SIGN_IDENTITY[sdk=iphoneos*]" = "iPhone Developer";
				FRAMEWORK_SEARCH_PATHS = (
					"$(inherited)",
					"$(BUILT_PRODUCTS_DIR)",
				);
				GCC_DYNAMIC_NO_PIC = NO;
				GCC_NO_COMMON_BLOCKS = YES;
				IPHONEOS_DEPLOYMENT_TARGET = 8.0;
				SDKROOT = iphoneos;
			};
			name = Release;
		};
		C9906A3E1812522100BAEF53 /* Debug */ = {
			isa = XCBuildConfiguration;
			baseConfigurationReference = C944A5731A7F772600E08B1E /* iOS-Application.xcconfig */;
			buildSettings = {
				BUNDLE_LOADER = "$(BUILT_PRODUCTS_DIR)/Authenticator.app/Authenticator";
				PRODUCT_NAME = "$(TARGET_NAME)";
				TEST_HOST = "$(BUNDLE_LOADER)";
			};
			name = Debug;
		};
		C9906A3F1812522100BAEF53 /* Release */ = {
			isa = XCBuildConfiguration;
			baseConfigurationReference = C944A5731A7F772600E08B1E /* iOS-Application.xcconfig */;
			buildSettings = {
				BUNDLE_LOADER = "$(BUILT_PRODUCTS_DIR)/Authenticator.app/Authenticator";
				PRODUCT_NAME = "$(TARGET_NAME)";
				TEST_HOST = "$(BUNDLE_LOADER)";
			};
			name = Release;
		};
/* End XCBuildConfiguration section */

/* Begin XCConfigurationList section */
		1D6058960D05DD3E006BFB54 /* Build configuration list for PBXNativeTarget "Authenticator" */ = {
			isa = XCConfigurationList;
			buildConfigurations = (
				1D6058940D05DD3E006BFB54 /* Debug */,
				1D6058950D05DD3E006BFB54 /* Release */,
			);
			defaultConfigurationIsVisible = 0;
			defaultConfigurationName = Release;
		};
		C01FCF4E08A954540054247B /* Build configuration list for PBXProject "Authenticator" */ = {
			isa = XCConfigurationList;
			buildConfigurations = (
				C01FCF4F08A954540054247B /* Debug */,
				C01FCF5008A954540054247B /* Release */,
			);
			defaultConfigurationIsVisible = 0;
			defaultConfigurationName = Release;
		};
		C9906A401812522200BAEF53 /* Build configuration list for PBXNativeTarget "AuthenticatorTests" */ = {
			isa = XCConfigurationList;
			buildConfigurations = (
				C9906A3E1812522100BAEF53 /* Debug */,
				C9906A3F1812522100BAEF53 /* Release */,
			);
			defaultConfigurationIsVisible = 0;
			defaultConfigurationName = Release;
		};
/* End XCConfigurationList section */
	};
	rootObject = 29B97313FDCFA39411CA2CEA /* Project object */;
}
